{
  "name": "worker",
  "version": "1.0.0",
  "lockfileVersion": 1,
  "requires": true,
  "dependencies": {
    "base2048": {
      "version": "1.0.3",
      "resolved": "https://registry.npmjs.org/base2048/-/base2048-1.0.3.tgz",
      "integrity": "sha512-d3/tVwxAKafTqtmFpFee9RM5iqf39+j+/JUPcjYkOti/2YdaiPPm89q9KYa9tplp8KDpgj8PAIEnCXaLA//RQw=="
    },
    "json-cipher": {
      "version": "0.0.3",
      "resolved": "https://registry.npmjs.org/json-cipher/-/json-cipher-0.0.3.tgz",
      "integrity": "sha512-rerJnkSBGYewKriqslWyDt737wMDLir4P7uTJuvOpEl51XkYiZhNeaE+PUTaDFEeGoh2feQoJ5rfBLPUE5boEw=="
    }
  }
}
